
Microsoft Visual Studio Solution File, Format Version 12.00
# Visual Studio Version 16
VisualStudioVersion = 16.0.31624.102
MinimumVisualStudioVersion = 10.0.40219.1
Project("{9A19103F-16F7-4668-BE54-9A1E7A4F7556}") = "Business", "Business\Business.csproj", "{F4FBBF22-0894-42C7-9CE4-7CC500BE98C0}"
EndProject
Project("{9A19103F-16F7-4668-BE54-9A1E7A4F7556}") = "Entities", "Entities\Entities.csproj", "{1502F28A-9B27-4AE2-91EE-6A1C58C9BB38}"
EndProject
Project("{9A19103F-16F7-4668-BE54-9A1E7A4F7556}") = "DataAccess", "DataAccess\DataAccess.csproj", "{0F785D29-48AF-40FA-B343-684BC97C808F}"
EndProject
Project("{9A19103F-16F7-4668-BE54-9A1E7A4F7556}") = "ConsoleUI", "ConsoleUI\ConsoleUI.csproj", "{7F8CA84E-3112-4671-A8C1-88320F2FEB51}"
EndProject
Project("{9A19103F-16F7-4668-BE54-9A1E7A4F7556}") = "Core", "Core\Core.csproj", "{47067332-6ACD-49CD-96D5-661479DD9386}"
EndProject
Project("{FAE04EC0-301F-11D3-BF4B-00C04F79EFBC}") = "WebAPI", "WebAPI\WebAPI.csproj", "{03208F79-FA29-46C7-9370-F0865983A869}"
EndProject
Global
	GlobalSection(SolutionConfigurationPlatforms) = preSolution
		Debug|Any CPU = Debug|Any CPU
		Release|Any CPU = Release|Any CPU
	EndGlobalSection
	GlobalSection(ProjectConfigurationPlatforms) = postSolution
		{F4FBBF22-0894-42C7-9CE4-7CC500BE98C0}.Debug|Any CPU.ActiveCfg = Debug|Any CPU
		{F4FBBF22-0894-42C7-9CE4-7CC500BE98C0}.Debug|Any CPU.Build.0 = Debug|Any CPU
		{F4FBBF22-0894-42C7-9CE4-7CC500BE98C0}.Release|Any CPU.ActiveCfg = Release|Any CPU
		{F4FBBF22-0894-42C7-9CE4-7CC500BE98C0}.Release|Any CPU.Build.0 = Release|Any CPU
		{1502F28A-9B27-4AE2-91EE-6A1C58C9BB38}.Debug|Any CPU.ActiveCfg = Debug|Any CPU
		{1502F28A-9B27-4AE2-91EE-6A1C58C9BB38}.Debug|Any CPU.Build.0 = Debug|Any CPU
		{1502F28A-9B27-4AE2-91EE-6A1C58C9BB38}.Release|Any CPU.ActiveCfg = Release|Any CPU
		{1502F28A-9B27-4AE2-91EE-6A1C58C9BB38}.Release|Any CPU.Build.0 = Release|Any CPU
		{0F785D29-48AF-40FA-B343-684BC97C808F}.Debug|Any CPU.ActiveCfg = Debug|Any CPU
		{0F785D29-48AF-40FA-B343-684BC97C808F}.Debug|Any CPU.Build.0 = Debug|Any CPU
		{0F785D29-48AF-40FA-B343-684BC97C808F}.Release|Any CPU.ActiveCfg = Release|Any CPU
		{0F785D29-48AF-40FA-B343-684BC97C808F}.Release|Any CPU.Build.0 = Release|Any CPU
		{7F8CA84E-3112-4671-A8C1-88320F2FEB51}.Debug|Any CPU.ActiveCfg = Debug|Any CPU
		{7F8CA84E-3112-4671-A8C1-88320F2FEB51}.Debug|Any CPU.Build.0 = Debug|Any CPU
		{7F8CA84E-3112-4671-A8C1-88320F2FEB51}.Release|Any CPU.ActiveCfg = Release|Any CPU
		{7F8CA84E-3112-4671-A8C1-88320F2FEB51}.Release|Any CPU.Build.0 = Release|Any CPU
		{47067332-6ACD-49CD-96D5-661479DD9386}.Debug|Any CPU.ActiveCfg = Debug|Any CPU
		{47067332-6ACD-49CD-96D5-661479DD9386}.Debug|Any CPU.Build.0 = Debug|Any CPU
		{47067332-6ACD-49CD-96D5-661479DD9386}.Release|Any CPU.ActiveCfg = Release|Any CPU
		{47067332-6ACD-49CD-96D5-661479DD9386}.Release|Any CPU.Build.0 = Release|Any CPU
		{03208F79-FA29-46C7-9370-F0865983A869}.Debug|Any CPU.ActiveCfg = Debug|Any CPU
		{03208F79-FA29-46C7-9370-F0865983A869}.Debug|Any CPU.Build.0 = Debug|Any CPU
		{03208F79-FA29-46C7-9370-F0865983A869}.Release|Any CPU.ActiveCfg = Release|Any CPU
		{03208F79-FA29-46C7-9370-F0865983A869}.Release|Any CPU.Build.0 = Release|Any CPU
	EndGlobalSection
	GlobalSection(SolutionProperties) = preSolution
		HideSolutionNode = FALSE
	EndGlobalSection
	GlobalSection(ExtensibilityGlobals) = postSolution
		SolutionGuid = {9799EF54-334E-4059-96F9-9C7AD48823A2}
	EndGlobalSection
EndGlobal
